
Microsoft Visual Studio Solution File, Format Version 12.00
# Visual Studio 2012
Project("{FAE04EC0-301F-11D3-BF4B-00C04F79EFBC}") = "TheAgencyOnlyFrontEnd", "TheAgency\TheAgencyOnlyFrontEnd.csproj", "{642132D1-B7DA-4481-BB4B-D008F1376351}"
EndProject
Project("{FAE04EC0-301F-11D3-BF4B-00C04F79EFBC}") = "Hijax", "Hijax\Hijax.csproj", "{AFE55B2D-492B-47B3-8C50-61B6373AE238}"
EndProject
Project("{FAE04EC0-301F-11D3-BF4B-00C04F79EFBC}") = "TheAgencyUnitTests", "TheAgencyUnitTests\TheAgencyUnitTests.csproj", "{F5A3B171-C956-448C-A91C-85ABEA06BFC6}"
EndProject
Project("{FAE04EC0-301F-11D3-BF4B-00C04F79EFBC}") = "SignalR", "SignalR\SignalR.csproj", "{2937867F-3D74-41DE-86F0-F99C45106D87}"
EndProject
Project("{FAE04EC0-301F-11D3-BF4B-00C04F79EFBC}") = "TheAgencyWithBackend", "TheAgencyWithServer\TheAgency\TheAgencyWithBackend.csproj", "{C1DC1BF6-88EB-4370-86D7-6E3F0090C03B}"
EndProject
Project("{FAE04EC0-301F-11D3-BF4B-00C04F79EFBC}") = "WebAPI", "WebAPI\WebAPI.csproj", "{20710F2E-21C7-4CAE-ACA8-5FBB46DA7453}"
EndProject
Global
	GlobalSection(SolutionConfigurationPlatforms) = preSolution
		Debug|Any CPU = Debug|Any CPU
		Release|Any CPU = Release|Any CPU
	EndGlobalSection
	GlobalSection(ProjectConfigurationPlatforms) = postSolution
		{642132D1-B7DA-4481-BB4B-D008F1376351}.Debug|Any CPU.ActiveCfg = Debug|Any CPU
		{642132D1-B7DA-4481-BB4B-D008F1376351}.Debug|Any CPU.Build.0 = Debug|Any CPU
		{642132D1-B7DA-4481-BB4B-D008F1376351}.Release|Any CPU.ActiveCfg = Release|Any CPU
		{642132D1-B7DA-4481-BB4B-D008F1376351}.Release|Any CPU.Build.0 = Release|Any CPU
		{AFE55B2D-492B-47B3-8C50-61B6373AE238}.Debug|Any CPU.ActiveCfg = Debug|Any CPU
		{AFE55B2D-492B-47B3-8C50-61B6373AE238}.Debug|Any CPU.Build.0 = Debug|Any CPU
		{AFE55B2D-492B-47B3-8C50-61B6373AE238}.Release|Any CPU.ActiveCfg = Release|Any CPU
		{AFE55B2D-492B-47B3-8C50-61B6373AE238}.Release|Any CPU.Build.0 = Release|Any CPU
		{F5A3B171-C956-448C-A91C-85ABEA06BFC6}.Debug|Any CPU.ActiveCfg = Debug|Any CPU
		{F5A3B171-C956-448C-A91C-85ABEA06BFC6}.Debug|Any CPU.Build.0 = Debug|Any CPU
		{F5A3B171-C956-448C-A91C-85ABEA06BFC6}.Release|Any CPU.ActiveCfg = Release|Any CPU
		{F5A3B171-C956-448C-A91C-85ABEA06BFC6}.Release|Any CPU.Build.0 = Release|Any CPU
		{2937867F-3D74-41DE-86F0-F99C45106D87}.Debug|Any CPU.ActiveCfg = Debug|Any CPU
		{2937867F-3D74-41DE-86F0-F99C45106D87}.Debug|Any CPU.Build.0 = Debug|Any CPU
		{2937867F-3D74-41DE-86F0-F99C45106D87}.Release|Any CPU.ActiveCfg = Release|Any CPU
		{2937867F-3D74-41DE-86F0-F99C45106D87}.Release|Any CPU.Build.0 = Release|Any CPU
		{C1DC1BF6-88EB-4370-86D7-6E3F0090C03B}.Debug|Any CPU.ActiveCfg = Debug|Any CPU
		{C1DC1BF6-88EB-4370-86D7-6E3F0090C03B}.Debug|Any CPU.Build.0 = Debug|Any CPU
		{C1DC1BF6-88EB-4370-86D7-6E3F0090C03B}.Release|Any CPU.ActiveCfg = Release|Any CPU
		{C1DC1BF6-88EB-4370-86D7-6E3F0090C03B}.Release|Any CPU.Build.0 = Release|Any CPU
		{20710F2E-21C7-4CAE-ACA8-5FBB46DA7453}.Debug|Any CPU.ActiveCfg = Debug|Any CPU
		{20710F2E-21C7-4CAE-ACA8-5FBB46DA7453}.Debug|Any CPU.Build.0 = Debug|Any CPU
		{20710F2E-21C7-4CAE-ACA8-5FBB46DA7453}.Release|Any CPU.ActiveCfg = Release|Any CPU
		{20710F2E-21C7-4CAE-ACA8-5FBB46DA7453}.Release|Any CPU.Build.0 = Release|Any CPU
	EndGlobalSection
	GlobalSection(SolutionProperties) = preSolution
		HideSolutionNode = FALSE
	EndGlobalSection
EndGlobal
